
Microsoft Visual Studio Solution File, Format Version 12.00
# Visual Studio 15
VisualStudioVersion = 15.0.28307.779
MinimumVisualStudioVersion = 10.0.40219.1
Project("{FAE04EC0-301F-11D3-BF4B-00C04F79EFBC}") = "Data", "Data\Data.csproj", "{561E9A6B-BC32-41B1-9A43-2F9517C9A795}"
EndProject
Project("{FAE04EC0-301F-11D3-BF4B-00C04F79EFBC}") = "Business", "Business\Business.csproj", "{C5CBA8F9-D9CD-49EB-8BCB-89AB51AD7CFE}"
EndProject
Project("{FAE04EC0-301F-11D3-BF4B-00C04F79EFBC}") = "Entity", "Entity\Entity.csproj", "{D48880C4-41B2-4B84-AB6A-D57419AC5A45}"
EndProject
Project("{FAE04EC0-301F-11D3-BF4B-00C04F79EFBC}") = "Vista", "Vista\Vista.csproj", "{97F98029-31DE-49FE-A03C-3DDE2EA70ED8}"
EndProject
Global
	GlobalSection(SolutionConfigurationPlatforms) = preSolution
		Debug|Any CPU = Debug|Any CPU
		Release|Any CPU = Release|Any CPU
	EndGlobalSection
	GlobalSection(ProjectConfigurationPlatforms) = postSolution
		{561E9A6B-BC32-41B1-9A43-2F9517C9A795}.Debug|Any CPU.ActiveCfg = Debug|Any CPU
		{561E9A6B-BC32-41B1-9A43-2F9517C9A795}.Debug|Any CPU.Build.0 = Debug|Any CPU
		{561E9A6B-BC32-41B1-9A43-2F9517C9A795}.Release|Any CPU.ActiveCfg = Release|Any CPU
		{561E9A6B-BC32-41B1-9A43-2F9517C9A795}.Release|Any CPU.Build.0 = Release|Any CPU
		{C5CBA8F9-D9CD-49EB-8BCB-89AB51AD7CFE}.Debug|Any CPU.ActiveCfg = Debug|Any CPU
		{C5CBA8F9-D9CD-49EB-8BCB-89AB51AD7CFE}.Debug|Any CPU.Build.0 = Debug|Any CPU
		{C5CBA8F9-D9CD-49EB-8BCB-89AB51AD7CFE}.Release|Any CPU.ActiveCfg = Release|Any CPU
		{C5CBA8F9-D9CD-49EB-8BCB-89AB51AD7CFE}.Release|Any CPU.Build.0 = Release|Any CPU
		{D48880C4-41B2-4B84-AB6A-D57419AC5A45}.Debug|Any CPU.ActiveCfg = Debug|Any CPU
		{D48880C4-41B2-4B84-AB6A-D57419AC5A45}.Debug|Any CPU.Build.0 = Debug|Any CPU
		{D48880C4-41B2-4B84-AB6A-D57419AC5A45}.Release|Any CPU.ActiveCfg = Release|Any CPU
		{D48880C4-41B2-4B84-AB6A-D57419AC5A45}.Release|Any CPU.Build.0 = Release|Any CPU
		{97F98029-31DE-49FE-A03C-3DDE2EA70ED8}.Debug|Any CPU.ActiveCfg = Debug|Any CPU
		{97F98029-31DE-49FE-A03C-3DDE2EA70ED8}.Debug|Any CPU.Build.0 = Debug|Any CPU
		{97F98029-31DE-49FE-A03C-3DDE2EA70ED8}.Release|Any CPU.ActiveCfg = Release|Any CPU
		{97F98029-31DE-49FE-A03C-3DDE2EA70ED8}.Release|Any CPU.Build.0 = Release|Any CPU
	EndGlobalSection
	GlobalSection(SolutionProperties) = preSolution
		HideSolutionNode = FALSE
	EndGlobalSection
	GlobalSection(ExtensibilityGlobals) = postSolution
		SolutionGuid = {277FE713-530D-4A6A-8ADB-510F04F52DF1}
	EndGlobalSection
EndGlobal
